# THIS IS AN AUTOGENERATED FILE. DO NOT EDIT THIS FILE DIRECTLY.
# yarn lockfile v1


fs@^0.0.1-security:
  version "0.0.1-security"
  resolved "https://registry.yarnpkg.com/fs/-/fs-0.0.1-security.tgz#8a7bd37186b6dddf3813f23858b57ecaaf5e41d4"
  integrity sha1-invTcYa23d84E/I4WLV+yq9eQdQ=

node-csv@^0.1.2:
  version "0.1.2"
  resolved "https://registry.yarnpkg.com/node-csv/-/node-csv-0.1.2.tgz#ffc86df25f3dc0739020ab15121e2d3033e74700"
  integrity sha1-/8ht8l89wHOQIKsVEh4tMDPnRwA=
